
Microsoft Visual Studio Solution File, Format Version 12.00
# Visual Studio Version 17
VisualStudioVersion = 17.6.33723.286
MinimumVisualStudioVersion = 10.0.40219.1
Project("{FAE04EC0-301F-11D3-BF4B-00C04F79EFBC}") = "TaskManager", "TaskManager\TaskManager.csproj", "{C36861B8-5483-4D29-BC69-2928B205031A}"
EndProject
Global
	GlobalSection(SolutionConfigurationPlatforms) = preSolution
		Debug|Any CPU = Debug|Any CPU
		Release|Any CPU = Release|Any CPU
	EndGlobalSection
	GlobalSection(ProjectConfigurationPlatforms) = postSolution
		{C36861B8-5483-4D29-BC69-2928B205031A}.Debug|Any CPU.ActiveCfg = Debug|Any CPU
		{C36861B8-5483-4D29-BC69-2928B205031A}.Debug|Any CPU.Build.0 = Debug|Any CPU
		{C36861B8-5483-4D29-BC69-2928B205031A}.Release|Any CPU.ActiveCfg = Release|Any CPU
		{C36861B8-5483-4D29-BC69-2928B205031A}.Release|Any CPU.Build.0 = Release|Any CPU
	EndGlobalSection
	GlobalSection(SolutionProperties) = preSolution
		HideSolutionNode = FALSE
	EndGlobalSection
	GlobalSection(ExtensibilityGlobals) = postSolution
		SolutionGuid = {64A6745C-A899-4B91-B507-49234BCF3CC4}
	EndGlobalSection
EndGlobal
